
Microsoft Visual Studio Solution File, Format Version 12.00
# Visual Studio Version 17
VisualStudioVersion = 17.3.32922.545
MinimumVisualStudioVersion = 10.0.40219.1
Project("{FAE04EC0-301F-11D3-BF4B-00C04F79EFBC}") = "HomeWebSite_Core", "HomeWebSite_Core\HomeWebSite_Core.csproj", "{3076FFE1-F75F-4C2E-A0CF-756554E90DB1}"
EndProject
Global
	GlobalSection(SolutionConfigurationPlatforms) = preSolution
		Debug|Any CPU = Debug|Any CPU
		Release|Any CPU = Release|Any CPU
	EndGlobalSection
	GlobalSection(ProjectConfigurationPlatforms) = postSolution
		{3076FFE1-F75F-4C2E-A0CF-756554E90DB1}.Debug|Any CPU.ActiveCfg = Debug|Any CPU
		{3076FFE1-F75F-4C2E-A0CF-756554E90DB1}.Debug|Any CPU.Build.0 = Debug|Any CPU
		{3076FFE1-F75F-4C2E-A0CF-756554E90DB1}.Release|Any CPU.ActiveCfg = Release|Any CPU
		{3076FFE1-F75F-4C2E-A0CF-756554E90DB1}.Release|Any CPU.Build.0 = Release|Any CPU
	EndGlobalSection
	GlobalSection(SolutionProperties) = preSolution
		HideSolutionNode = FALSE
	EndGlobalSection
	GlobalSection(ExtensibilityGlobals) = postSolution
		SolutionGuid = {606CA176-EDA1-4056-9C30-5D03B406F2FB}
	EndGlobalSection
EndGlobal
